{
  "name": "dojox",
  "version": "0.9.0",
  "lockfileVersion": 1,
  "requires": true,
  "dependencies": {
    "dijit": {
      "version": "git+https://github.com/skylark-integration/dijit.git#ec50b6d49d1a64ccb20cd4cbea08989c56da5679",
      "from": "git+https://github.com/skylark-integration/dijit.git#master",
      "requires": {
        "dojo": "git+https://github.com/skylark-integration/dojo.git#master",
        "skylark-langx": "git+https://github.com/skylarklangx/skylark-langx.git#master",
        "skylark-utils-dom": "git+https://github.com/skylarkutils/skylark-utils-dom.git#master"
      }
    },
    "dojo": {
      "version": "git+https://github.com/skylark-integration/dojo.git#9e841a886c9608c2f6fcdcd2dc99f6d8af4f02e9",
      "from": "git+https://github.com/skylark-integration/dojo.git#master",
      "requires": {
        "skylark-langx": "git+https://github.com/skylarklangx/skylark-langx.git#master",
        "skylark-utils-dom": "git+https://github.com/skylarkutils/skylark-utils-dom.git#master"
      }
    },
    "skylark-langx": {
      "version": "git+https://github.com/skylarklangx/skylark-langx.git#82a0443e1664e462052d9afa064fa3f1ad61c379",
      "from": "git+https://github.com/skylarklangx/skylark-langx.git#master"
    },
    "skylark-utils-dom": {
      "version": "git+https://github.com/skylarkutils/skylark-utils-dom.git#6fe14006daf6248859d801150c49f20c22f74d96",
      "from": "git+https://github.com/skylarkutils/skylark-utils-dom.git#master",
      "requires": {
        "skylark-langx": "git+https://github.com/skylarklangx/skylark-langx.git#master"
      }
    }
  }
}
